// !$*UTF8*$!
{
	archiveVersion = 1;
	classes = {
	};
	objectVersion = 56;
	objects = {

/* Begin PBXBuildFile section */
		F336004B299B41BC00340715 /* Book_LibraryApp.swift in Sources */ = {isa = PBXBuildFile; fileRef = F336004A299B41BC00340715 /* Book_LibraryApp.swift */; };
		F336004D299B41BC00340715 /* MainView.swift in Sources */ = {isa = PBXBuildFile; fileRef = F336004C299B41BC00340715 /* MainView.swift */; };
		F336004F299B41BD00340715 /* Assets.xcassets in Resources */ = {isa = PBXBuildFile; fileRef = F336004E299B41BD00340715 /* Assets.xcassets */; };
		F3360052299B41BD00340715 /* Preview Assets.xcassets in Resources */ = {isa = PBXBuildFile; fileRef = F3360051299B41BD00340715 /* Preview Assets.xcassets */; };
		F336005A299B42AD00340715 /* Data.json in Resources */ = {isa = PBXBuildFile; fileRef = F3360059299B42AD00340715 /* Data.json */; };
		F3360060299B62CD00340715 /* Book.swift in Sources */ = {isa = PBXBuildFile; fileRef = F336005F299B62CD00340715 /* Book.swift */; };
		F3360062299B63F800340715 /* DataService.swift in Sources */ = {isa = PBXBuildFile; fileRef = F3360061299B63F800340715 /* DataService.swift */; };
		F3360064299B675C00340715 /* BookModel.swift in Sources */ = {isa = PBXBuildFile; fileRef = F3360063299B675C00340715 /* BookModel.swift */; };
		F3863C04299B70A500592E13 /* MainViewRow.swift in Sources */ = {isa = PBXBuildFile; fileRef = F3863C03299B70A500592E13 /* MainViewRow.swift */; };
		F3863C06299B782400592E13 /* BookView.swift in Sources */ = {isa = PBXBuildFile; fileRef = F3863C05299B782400592E13 /* BookView.swift */; };
/* End PBXBuildFile section */

/* Begin PBXFileReference section */
		F3360047299B41BC00340715 /* Book Library.app */ = {isa = PBXFileReference; explicitFileType = wrapper.application; includeInIndex = 0; path = "Book Library.app"; sourceTree = BUILT_PRODUCTS_DIR; };
		F336004A299B41BC00340715 /* Book_LibraryApp.swift */ = {isa = PBXFileReference; lastKnownFileType = sourcecode.swift; path = Book_LibraryApp.swift; sourceTree = "<group>"; };
		F336004C299B41BC00340715 /* MainView.swift */ = {isa = PBXFileReference; lastKnownFileType = sourcecode.swift; path = MainView.swift; sourceTree = "<group>"; };
		F336004E299B41BD00340715 /* Assets.xcassets */ = {isa = PBXFileReference; lastKnownFileType = folder.assetcatalog; path = Assets.xcassets; sourceTree = "<group>"; };
		F3360051299B41BD00340715 /* Preview Assets.xcassets */ = {isa = PBXFileReference; lastKnownFileType = folder.assetcatalog; path = "Preview Assets.xcassets"; sourceTree = "<group>"; };
		F3360059299B42AD00340715 /* Data.json */ = {isa = PBXFileReference; fileEncoding = 4; lastKnownFileType = text.json; path = Data.json; sourceTree = "<group>"; };
		F336005F299B62CD00340715 /* Book.swift */ = {isa = PBXFileReference; lastKnownFileType = sourcecode.swift; path = Book.swift; sourceTree = "<group>"; };
		F3360061299B63F800340715 /* DataService.swift */ = {isa = PBXFileReference; lastKnownFileType = sourcecode.swift; path = DataService.swift; sourceTree = "<group>"; };
		F3360063299B675C00340715 /* BookModel.swift */ = {isa = PBXFileReference; lastKnownFileType = sourcecode.swift; path = BookModel.swift; sourceTree = "<group>"; };
		F3863C03299B70A500592E13 /* MainViewRow.swift */ = {isa = PBXFileReference; lastKnownFileType = sourcecode.swift; path = MainViewRow.swift; sourceTree = "<group>"; };
		F3863C05299B782400592E13 /* BookView.swift */ = {isa = PBXFileReference; lastKnownFileType = sourcecode.swift; path = BookView.swift; sourceTree = "<group>"; };
/* End PBXFileReference section */

/* Begin PBXFrameworksBuildPhase section */
		F3360044299B41BC00340715 /* Frameworks */ = {
			isa = PBXFrameworksBuildPhase;
			buildActionMask = 2147483647;
			files = (
			);
			runOnlyForDeploymentPostprocessing = 0;
		};
/* End PBXFrameworksBuildPhase section */

/* Begin PBXGroup section */
		F336003E299B41BC00340715 = {
			isa = PBXGroup;
			children = (
				F3360049299B41BC00340715 /* Book Library */,
				F3360048299B41BC00340715 /* Products */,
			);
			sourceTree = "<group>";
		};
		F3360048299B41BC00340715 /* Products */ = {
			isa = PBXGroup;
			children = (
				F3360047299B41BC00340715 /* Book Library.app */,
			);
			name = Products;
			sourceTree = "<group>";
		};
		F3360049299B41BC00340715 /* Book Library */ = {
			isa = PBXGroup;
			children = (
				F336005E299B557200340715 /* Services */,
				F336005D299B42C600340715 /* Models */,
				F336005C299B42BD00340715 /* ViewModel */,
				F336005B299B42B500340715 /* Views */,
				F3360058299B42A300340715 /* Data */,
				F336004A299B41BC00340715 /* Book_LibraryApp.swift */,
				F336004E299B41BD00340715 /* Assets.xcassets */,
				F3360050299B41BD00340715 /* Preview Content */,
			);
			path = "Book Library";
			sourceTree = "<group>";
		};
		F3360050299B41BD00340715 /* Preview Content */ = {
			isa = PBXGroup;
			children = (
				F3360051299B41BD00340715 /* Preview Assets.xcassets */,
			);
			path = "Preview Content";
			sourceTree = "<group>";
		};
		F3360058299B42A300340715 /* Data */ = {
			isa = PBXGroup;
			children = (
				F3360059299B42AD00340715 /* Data.json */,
			);
			path = Data;
			sourceTree = "<group>";
		};
		F336005B299B42B500340715 /* Views */ = {
			isa = PBXGroup;
			children = (
				F336004C299B41BC00340715 /* MainView.swift */,
				F3863C03299B70A500592E13 /* MainViewRow.swift */,
				F3863C05299B782400592E13 /* BookView.swift */,
			);
			path = Views;
			sourceTree = "<group>";
		};
		F336005C299B42BD00340715 /* ViewModel */ = {
			isa = PBXGroup;
			children = (
				F3360063299B675C00340715 /* BookModel.swift */,
			);
			path = ViewModel;
			sourceTree = "<group>";
		};
		F336005D299B42C600340715 /* Models */ = {
			isa = PBXGroup;
			children = (
				F336005F299B62CD00340715 /* Book.swift */,
			);
			path = Models;
			sourceTree = "<group>";
		};
		F336005E299B557200340715 /* Services */ = {
			isa = PBXGroup;
			children = (
				F3360061299B63F800340715 /* DataService.swift */,
			);
			path = Services;
			sourceTree = "<group>";
		};
/* End PBXGroup section */

/* Begin PBXNativeTarget section */
		F3360046299B41BC00340715 /* Book Library */ = {
			isa = PBXNativeTarget;
			buildConfigurationList = F3360055299B41BD00340715 /* Build configuration list for PBXNativeTarget "Book Library" */;
			buildPhases = (
				F3360043299B41BC00340715 /* Sources */,
				F3360044299B41BC00340715 /* Frameworks */,
				F3360045299B41BC00340715 /* Resources */,
			);
			buildRules = (
			);
			dependencies = (
			);
			name = "Book Library";
			productName = "Book Library";
			productReference = F3360047299B41BC00340715 /* Book Library.app */;
			productType = "com.apple.product-type.application";
		};
/* End PBXNativeTarget section */

/* Begin PBXProject section */
		F336003F299B41BC00340715 /* Project object */ = {
			isa = PBXProject;
			attributes = {
				BuildIndependentTargetsInParallel = 1;
				LastSwiftUpdateCheck = 1420;
				LastUpgradeCheck = 1420;
				TargetAttributes = {
					F3360046299B41BC00340715 = {
						CreatedOnToolsVersion = 14.2;
					};
				};
			};
			buildConfigurationList = F3360042299B41BC00340715 /* Build configuration list for PBXProject "Book Library" */;
			compatibilityVersion = "Xcode 14.0";
			developmentRegion = en;
			hasScannedForEncodings = 0;
			knownRegions = (
				en,
				Base,
			);
			mainGroup = F336003E299B41BC00340715;
			productRefGroup = F3360048299B41BC00340715 /* Products */;
			projectDirPath = "";
			projectRoot = "";
			targets = (
				F3360046299B41BC00340715 /* Book Library */,
			);
		};
/* End PBXProject section */

/* Begin PBXResourcesBuildPhase section */
		F3360045299B41BC00340715 /* Resources */ = {
			isa = PBXResourcesBuildPhase;
			buildActionMask = 2147483647;
			files = (
				F3360052299B41BD00340715 /* Preview Assets.xcassets in Resources */,
				F336004F299B41BD00340715 /* Assets.xcassets in Resources */,
				F336005A299B42AD00340715 /* Data.json in Resources */,
			);
			runOnlyForDeploymentPostprocessing = 0;
		};
/* End PBXResourcesBuildPhase section */

/* Begin PBXSourcesBuildPhase section */
		F3360043299B41BC00340715 /* Sources */ = {
			isa = PBXSourcesBuildPhase;
			buildActionMask = 2147483647;
			files = (
				F3863C04299B70A500592E13 /* MainViewRow.swift in Sources */,
				F3360064299B675C00340715 /* BookModel.swift in Sources */,
				F336004D299B41BC00340715 /* MainView.swift in Sources */,
				F336004B299B41BC00340715 /* Book_LibraryApp.swift in Sources */,
				F3360060299B62CD00340715 /* Book.swift in Sources */,
				F3863C06299B782400592E13 /* BookView.swift in Sources */,
				F3360062299B63F800340715 /* DataService.swift in Sources */,
			);
			runOnlyForDeploymentPostprocessing = 0;
		};
/* End PBXSourcesBuildPhase section */

/* Begin XCBuildConfiguration section */
		F3360053299B41BD00340715 /* Debug */ = {
			isa = XCBuildConfiguration;
			buildSettings = {
				ALWAYS_SEARCH_USER_PATHS = NO;
				CLANG_ANALYZER_NONNULL = YES;
				CLANG_ANALYZER_NUMBER_OBJECT_CONVERSION = YES_AGGRESSIVE;
				CLANG_CXX_LANGUAGE_STANDARD = "gnu++20";
				CLANG_ENABLE_MODULES = YES;
				CLANG_ENABLE_OBJC_ARC = YES;
				CLANG_ENABLE_OBJC_WEAK = YES;
				CLANG_WARN_BLOCK_CAPTURE_AUTORELEASING = YES;
				CLANG_WARN_BOOL_CONVERSION = YES;
				CLANG_WARN_COMMA = YES;
				CLANG_WARN_CONSTANT_CONVERSION = YES;
				CLANG_WARN_DEPRECATED_OBJC_IMPLEMENTATIONS = YES;
				CLANG_WARN_DIRECT_OBJC_ISA_USAGE = YES_ERROR;
				CLANG_WARN_DOCUMENTATION_COMMENTS = YES;
				CLANG_WARN_EMPTY_BODY = YES;
				CLANG_WARN_ENUM_CONVERSION = YES;
				CLANG_WARN_INFINITE_RECURSION = YES;
				CLANG_WARN_INT_CONVERSION = YES;
				CLANG_WARN_NON_LITERAL_NULL_CONVERSION = YES;
				CLANG_WARN_OBJC_IMPLICIT_RETAIN_SELF = YES;
				CLANG_WARN_OBJC_LITERAL_CONVERSION = YES;
				CLANG_WARN_OBJC_ROOT_CLASS = YES_ERROR;
				CLANG_WARN_QUOTED_INCLUDE_IN_FRAMEWORK_HEADER = YES;
				CLANG_WARN_RANGE_LOOP_ANALYSIS = YES;
				CLANG_WARN_STRICT_PROTOTYPES = YES;
				CLANG_WARN_SUSPICIOUS_MOVE = YES;
				CLANG_WARN_UNGUARDED_AVAILABILITY = YES_AGGRESSIVE;
				CLANG_WARN_UNREACHABLE_CODE = YES;
				CLANG_WARN__DUPLICATE_METHOD_MATCH = YES;
				COPY_PHASE_STRIP = NO;
				DEBUG_INFORMATION_FORMAT = dwarf;
				ENABLE_STRICT_OBJC_MSGSEND = YES;
				ENABLE_TESTABILITY = YES;
				GCC_C_LANGUAGE_STANDARD = gnu11;
				GCC_DYNAMIC_NO_PIC = NO;
				GCC_NO_COMMON_BLOCKS = YES;
				GCC_OPTIMIZATION_LEVEL = 0;
				GCC_PREPROCESSOR_DEFINITIONS = (
					"DEBUG=1",
					"$(inherited)",
				);
				GCC_WARN_64_TO_32_BIT_CONVERSION = YES;
				GCC_WARN_ABOUT_RETURN_TYPE = YES_ERROR;
				GCC_WARN_UNDECLARED_SELECTOR = YES;
				GCC_WARN_UNINITIALIZED_AUTOS = YES_AGGRESSIVE;
				GCC_WARN_UNUSED_FUNCTION = YES;
				GCC_WARN_UNUSED_VARIABLE = YES;
				IPHONEOS_DEPLOYMENT_TARGET = 16.2;
				MTL_ENABLE_DEBUG_INFO = INCLUDE_SOURCE;
				MTL_FAST_MATH = YES;
				ONLY_ACTIVE_ARCH = YES;
				SDKROOT = iphoneos;
				SWIFT_ACTIVE_COMPILATION_CONDITIONS = DEBUG;
				SWIFT_OPTIMIZATION_LEVEL = "-Onone";
			};
			name = Debug;
		};
		F3360054299B41BD00340715 /* Release */ = {
			isa = XCBuildConfiguration;
			buildSettings = {
				ALWAYS_SEARCH_USER_PATHS = NO;
				CLANG_ANALYZER_NONNULL = YES;
				CLANG_ANALYZER_NUMBER_OBJECT_CONVERSION = YES_AGGRESSIVE;
				CLANG_CXX_LANGUAGE_STANDARD = "gnu++20";
				CLANG_ENABLE_MODULES = YES;
				CLANG_ENABLE_OBJC_ARC = YES;
				CLANG_ENABLE_OBJC_WEAK = YES;
				CLANG_WARN_BLOCK_CAPTURE_AUTORELEASING = YES;
				CLANG_WARN_BOOL_CONVERSION = YES;
				CLANG_WARN_COMMA = YES;
				CLANG_WARN_CONSTANT_CONVERSION = YES;
				CLANG_WARN_DEPRECATED_OBJC_IMPLEMENTATIONS = YES;
				CLANG_WARN_DIRECT_OBJC_ISA_USAGE = YES_ERROR;
				CLANG_WARN_DOCUMENTATION_COMMENTS = YES;
				CLANG_WARN_EMPTY_BODY = YES;
				CLANG_WARN_ENUM_CONVERSION = YES;
				CLANG_WARN_INFINITE_RECURSION = YES;
				CLANG_WARN_INT_CONVERSION = YES;
				CLANG_WARN_NON_LITERAL_NULL_CONVERSION = YES;
				CLANG_WARN_OBJC_IMPLICIT_RETAIN_SELF = YES;
				CLANG_WARN_OBJC_LITERAL_CONVERSION = YES;
				CLANG_WARN_OBJC_ROOT_CLASS = YES_ERROR;
				CLANG_WARN_QUOTED_INCLUDE_IN_FRAMEWORK_HEADER = YES;
				CLANG_WARN_RANGE_LOOP_ANALYSIS = YES;
				CLANG_WARN_STRICT_PROTOTYPES = YES;
				CLANG_WARN_SUSPICIOUS_MOVE = YES;
				CLANG_WARN_UNGUARDED_AVAILABILITY = YES_AGGRESSIVE;
				CLANG_WARN_UNREACHABLE_CODE = YES;
				CLANG_WARN__DUPLICATE_METHOD_MATCH = YES;
				COPY_PHASE_STRIP = NO;
				DEBUG_INFORMATION_FORMAT = "dwarf-with-dsym";
				ENABLE_NS_ASSERTIONS = NO;
				ENABLE_STRICT_OBJC_MSGSEND = YES;
				GCC_C_LANGUAGE_STANDARD = gnu11;
				GCC_NO_COMMON_BLOCKS = YES;
				GCC_WARN_64_TO_32_BIT_CONVERSION = YES;
				GCC_WARN_ABOUT_RETURN_TYPE = YES_ERROR;
				GCC_WARN_UNDECLARED_SELECTOR = YES;
				GCC_WARN_UNINITIALIZED_AUTOS = YES_AGGRESSIVE;
				GCC_WARN_UNUSED_FUNCTION = YES;
				GCC_WARN_UNUSED_VARIABLE = YES;
				IPHONEOS_DEPLOYMENT_TARGET = 16.2;
				MTL_ENABLE_DEBUG_INFO = NO;
				MTL_FAST_MATH = YES;
				SDKROOT = iphoneos;
				SWIFT_COMPILATION_MODE = wholemodule;
				SWIFT_OPTIMIZATION_LEVEL = "-O";
				VALIDATE_PRODUCT = YES;
			};
			name = Release;
		};
		F3360056299B41BD00340715 /* Debug */ = {
			isa = XCBuildConfiguration;
			buildSettings = {
				ASSETCATALOG_COMPILER_APPICON_NAME = AppIcon;
				ASSETCATALOG_COMPILER_GLOBAL_ACCENT_COLOR_NAME = AccentColor;
				CODE_SIGN_STYLE = Automatic;
				CURRENT_PROJECT_VERSION = 1;
				DEVELOPMENT_ASSET_PATHS = "\"Book Library/Preview Content\"";
				DEVELOPMENT_TEAM = QG3YZK6HZG;
				ENABLE_PREVIEWS = YES;
				GENERATE_INFOPLIST_FILE = YES;
				INFOPLIST_KEY_UIApplicationSceneManifest_Generation = YES;
				INFOPLIST_KEY_UIApplicationSupportsIndirectInputEvents = YES;
				INFOPLIST_KEY_UILaunchScreen_Generation = YES;
				INFOPLIST_KEY_UISupportedInterfaceOrientations_iPad = "UIInterfaceOrientationPortrait UIInterfaceOrientationPortraitUpsideDown UIInterfaceOrientationLandscapeLeft UIInterfaceOrientationLandscapeRight";
				INFOPLIST_KEY_UISupportedInterfaceOrientations_iPhone = "UIInterfaceOrientationPortrait UIInterfaceOrientationLandscapeLeft UIInterfaceOrientationLandscapeRight";
				LD_RUNPATH_SEARCH_PATHS = (
					"$(inherited)",
					"@executable_path/Frameworks",
				);
				MARKETING_VERSION = 1.0;
				PRODUCT_BUNDLE_IDENTIFIER = "me.Thomas.Howard.Book-Library";
				PRODUCT_NAME = "$(TARGET_NAME)";
				SWIFT_EMIT_LOC_STRINGS = YES;
				SWIFT_VERSION = 5.0;
				TARGETED_DEVICE_FAMILY = "1,2";
			};
			name = Debug;
		};
		F3360057299B41BD00340715 /* Release */ = {
			isa = XCBuildConfiguration;
			buildSettings = {
				ASSETCATALOG_COMPILER_APPICON_NAME = AppIcon;
				ASSETCATALOG_COMPILER_GLOBAL_ACCENT_COLOR_NAME = AccentColor;
				CODE_SIGN_STYLE = Automatic;
				CURRENT_PROJECT_VERSION = 1;
				DEVELOPMENT_ASSET_PATHS = "\"Book Library/Preview Content\"";
				DEVELOPMENT_TEAM = QG3YZK6HZG;
				ENABLE_PREVIEWS = YES;
				GENERATE_INFOPLIST_FILE = YES;
				INFOPLIST_KEY_UIApplicationSceneManifest_Generation = YES;
				INFOPLIST_KEY_UIApplicationSupportsIndirectInputEvents = YES;
				INFOPLIST_KEY_UILaunchScreen_Generation = YES;
				INFOPLIST_KEY_UISupportedInterfaceOrientations_iPad = "UIInterfaceOrientationPortrait UIInterfaceOrientationPortraitUpsideDown UIInterfaceOrientationLandscapeLeft UIInterfaceOrientationLandscapeRight";
				INFOPLIST_KEY_UISupportedInterfaceOrientations_iPhone = "UIInterfaceOrientationPortrait UIInterfaceOrientationLandscapeLeft UIInterfaceOrientationLandscapeRight";
				LD_RUNPATH_SEARCH_PATHS = (
					"$(inherited)",
					"@executable_path/Frameworks",
				);
				MARKETING_VERSION = 1.0;
				PRODUCT_BUNDLE_IDENTIFIER = "me.Thomas.Howard.Book-Library";
				PRODUCT_NAME = "$(TARGET_NAME)";
				SWIFT_EMIT_LOC_STRINGS = YES;
				SWIFT_VERSION = 5.0;
				TARGETED_DEVICE_FAMILY = "1,2";
			};
			name = Release;
		};
/* End XCBuildConfiguration section */

/* Begin XCConfigurationList section */
		F3360042299B41BC00340715 /* Build configuration list for PBXProject "Book Library" */ = {
			isa = XCConfigurationList;
			buildConfigurations = (
				F3360053299B41BD00340715 /* Debug */,
				F3360054299B41BD00340715 /* Release */,
			);
			defaultConfigurationIsVisible = 0;
			defaultConfigurationName = Release;
		};
		F3360055299B41BD00340715 /* Build configuration list for PBXNativeTarget "Book Library" */ = {
			isa = XCConfigurationList;
			buildConfigurations = (
				F3360056299B41BD00340715 /* Debug */,
				F3360057299B41BD00340715 /* Release */,
			);
			defaultConfigurationIsVisible = 0;
			defaultConfigurationName = Release;
		};
/* End XCConfigurationList section */
	};
	rootObject = F336003F299B41BC00340715 /* Project object */;
}
